PODS:
  - WTBinaryFloatingPointExtensions (1.0.0)

DEPENDENCIES:
  - WTBinaryFloatingPointExtensions (from `../`)

EXTERNAL SOURCES:
  WTBinaryFloatingPointExtensions:
    :path: "../"

SPEC CHECKSUMS:
  WTBinaryFloatingPointExtensions: 631e3a4aef2a8bccefda0f26669318d7dc015fb0

PODFILE CHECKSUM: 5cb2d5fb2b4c58bfd79339d9e5adf6fea9b1d785

COCOAPODS: 1.1.1
